// !$*UTF8*$!
{
	archiveVersion = 1;
	classes = {
	};
	objectVersion = 46;
	objects = {

/* Begin PBXBuildFile section */
		8972C0F41E5E7947004D7C9C /* Bolts.framework in Frameworks */ = {isa = PBXBuildFile; fileRef = 8972C0F01E5E7947004D7C9C /* Bolts.framework */; };
		8972C0F51E5E7947004D7C9C /* FBSDKCoreKit.framework in Frameworks */ = {isa = PBXBuildFile; fileRef = 8972C0F11E5E7947004D7C9C /* FBSDKCoreKit.framework */; };
		8972C0F61E5E7947004D7C9C /* FBSDKLoginKit.framework in Frameworks */ = {isa = PBXBuildFile; fileRef = 8972C0F21E5E7947004D7C9C /* FBSDKLoginKit.framework */; };
		8972C0F71E5E7947004D7C9C /* FBSDKShareKit.framework in Frameworks */ = {isa = PBXBuildFile; fileRef = 8972C0F31E5E7947004D7C9C /* FBSDKShareKit.framework */; };
		89BD45711E5D20670096C6B5 /* ViewControllerMenuInicio.m in Sources */ = {isa = PBXBuildFile; fileRef = 89BD45701E5D20670096C6B5 /* ViewControllerMenuInicio.m */; };
		89BD45741E5D20B20096C6B5 /* ViewControllerInicioSesion.m in Sources */ = {isa = PBXBuildFile; fileRef = 89BD45731E5D20B20096C6B5 /* ViewControllerInicioSesion.m */; };
		89BD45781E5D23A90096C6B5 /* Usuario.m in Sources */ = {isa = PBXBuildFile; fileRef = 89BD45771E5D23A90096C6B5 /* Usuario.m */; };
		89BD457B1E5D25CF0096C6B5 /* Persona.m in Sources */ = {isa = PBXBuildFile; fileRef = 89BD457A1E5D25CF0096C6B5 /* Persona.m */; };
		89BD457E1E5D25DB0096C6B5 /* Compania.m in Sources */ = {isa = PBXBuildFile; fileRef = 89BD457D1E5D25DB0096C6B5 /* Compania.m */; };
		CD437FA41E386C06009AD737 /* main.m in Sources */ = {isa = PBXBuildFile; fileRef = CD437FA31E386C06009AD737 /* main.m */; };
		CD437FA71E386C06009AD737 /* AppDelegate.m in Sources */ = {isa = PBXBuildFile; fileRef = CD437FA61E386C06009AD737 /* AppDelegate.m */; };
		CD437FAA1E386C06009AD737 /* ViewControllerInicio.m in Sources */ = {isa = PBXBuildFile; fileRef = CD437FA91E386C06009AD737 /* ViewControllerInicio.m */; };
		CD437FAD1E386C06009AD737 /* Main.storyboard in Resources */ = {isa = PBXBuildFile; fileRef = CD437FAB1E386C06009AD737 /* Main.storyboard */; };
		CD437FB01E386C06009AD737 /* FL.xcdatamodeld in Sources */ = {isa = PBXBuildFile; fileRef = CD437FAE1E386C06009AD737 /* FL.xcdatamodeld */; };
		CD437FB21E386C06009AD737 /* Assets.xcassets in Resources */ = {isa = PBXBuildFile; fileRef = CD437FB11E386C06009AD737 /* Assets.xcassets */; };
		CD437FB51E386C06009AD737 /* LaunchScreen.storyboard in Resources */ = {isa = PBXBuildFile; fileRef = CD437FB31E386C06009AD737 /* LaunchScreen.storyboard */; };
/* End PBXBuildFile section */

/* Begin PBXFileReference section */
		8972C0F01E5E7947004D7C9C /* Bolts.framework */ = {isa = PBXFileReference; lastKnownFileType = wrapper.framework; name = Bolts.framework; path = ../FacebookSDK/Bolts.framework; sourceTree = "<group>"; };
		8972C0F11E5E7947004D7C9C /* FBSDKCoreKit.framework */ = {isa = PBXFileReference; lastKnownFileType = wrapper.framework; name = FBSDKCoreKit.framework; path = ../FacebookSDK/FBSDKCoreKit.framework; sourceTree = "<group>"; };
		8972C0F21E5E7947004D7C9C /* FBSDKLoginKit.framework */ = {isa = PBXFileReference; lastKnownFileType = wrapper.framework; name = FBSDKLoginKit.framework; path = ../FacebookSDK/FBSDKLoginKit.framework; sourceTree = "<group>"; };
		8972C0F31E5E7947004D7C9C /* FBSDKShareKit.framework */ = {isa = PBXFileReference; lastKnownFileType = wrapper.framework; name = FBSDKShareKit.framework; path = ../FacebookSDK/FBSDKShareKit.framework; sourceTree = "<group>"; };
		89BD456F1E5D20670096C6B5 /* ViewControllerMenuInicio.h */ = {isa = PBXFileReference; fileEncoding = 4; lastKnownFileType = sourcecode.c.h; path = ViewControllerMenuInicio.h; sourceTree = "<group>"; };
		89BD45701E5D20670096C6B5 /* ViewControllerMenuInicio.m */ = {isa = PBXFileReference; fileEncoding = 4; lastKnownFileType = sourcecode.c.objc; path = ViewControllerMenuInicio.m; sourceTree = "<group>"; };
		89BD45721E5D20B20096C6B5 /* ViewControllerInicioSesion.h */ = {isa = PBXFileReference; fileEncoding = 4; lastKnownFileType = sourcecode.c.h; path = ViewControllerInicioSesion.h; sourceTree = "<group>"; };
		89BD45731E5D20B20096C6B5 /* ViewControllerInicioSesion.m */ = {isa = PBXFileReference; fileEncoding = 4; lastKnownFileType = sourcecode.c.objc; path = ViewControllerInicioSesion.m; sourceTree = "<group>"; };
		89BD45761E5D23A90096C6B5 /* Usuario.h */ = {isa = PBXFileReference; fileEncoding = 4; lastKnownFileType = sourcecode.c.h; path = Usuario.h; sourceTree = "<group>"; };
		89BD45771E5D23A90096C6B5 /* Usuario.m */ = {isa = PBXFileReference; fileEncoding = 4; lastKnownFileType = sourcecode.c.objc; path = Usuario.m; sourceTree = "<group>"; };
		89BD45791E5D25CF0096C6B5 /* Persona.h */ = {isa = PBXFileReference; fileEncoding = 4; lastKnownFileType = sourcecode.c.h; path = Persona.h; sourceTree = "<group>"; };
		89BD457A1E5D25CF0096C6B5 /* Persona.m */ = {isa = PBXFileReference; fileEncoding = 4; lastKnownFileType = sourcecode.c.objc; path = Persona.m; sourceTree = "<group>"; };
		89BD457C1E5D25DB0096C6B5 /* Compania.h */ = {isa = PBXFileReference; fileEncoding = 4; lastKnownFileType = sourcecode.c.h; path = Compania.h; sourceTree = "<group>"; };
		89BD457D1E5D25DB0096C6B5 /* Compania.m */ = {isa = PBXFileReference; fileEncoding = 4; lastKnownFileType = sourcecode.c.objc; path = Compania.m; sourceTree = "<group>"; };
		CD437F9F1E386C06009AD737 /* FL.app */ = {isa = PBXFileReference; explicitFileType = wrapper.application; includeInIndex = 0; path = FL.app; sourceTree = BUILT_PRODUCTS_DIR; };
		CD437FA31E386C06009AD737 /* main.m */ = {isa = PBXFileReference; lastKnownFileType = sourcecode.c.objc; path = main.m; sourceTree = "<group>"; };
		CD437FA51E386C06009AD737 /* AppDelegate.h */ = {isa = PBXFileReference; lastKnownFileType = sourcecode.c.h; path = AppDelegate.h; sourceTree = "<group>"; };
		CD437FA61E386C06009AD737 /* AppDelegate.m */ = {isa = PBXFileReference; lastKnownFileType = sourcecode.c.objc; path = AppDelegate.m; sourceTree = "<group>"; };
		CD437FA81E386C06009AD737 /* ViewControllerInicio.h */ = {isa = PBXFileReference; lastKnownFileType = sourcecode.c.h; path = ViewControllerInicio.h; sourceTree = "<group>"; };
		CD437FA91E386C06009AD737 /* ViewControllerInicio.m */ = {isa = PBXFileReference; lastKnownFileType = sourcecode.c.objc; path = ViewControllerInicio.m; sourceTree = "<group>"; };
		CD437FAC1E386C06009AD737 /* Base */ = {isa = PBXFileReference; lastKnownFileType = file.storyboard; name = Base; path = Base.lproj/Main.storyboard; sourceTree = "<group>"; };
		CD437FAF1E386C06009AD737 /* FL.xcdatamodel */ = {isa = PBXFileReference; lastKnownFileType = wrapper.xcdatamodel; path = FL.xcdatamodel; sourceTree = "<group>"; };
		CD437FB11E386C06009AD737 /* Assets.xcassets */ = {isa = PBXFileReference; lastKnownFileType = folder.assetcatalog; path = Assets.xcassets; sourceTree = "<group>"; };
		CD437FB41E386C06009AD737 /* Base */ = {isa = PBXFileReference; lastKnownFileType = file.storyboard; name = Base; path = Base.lproj/LaunchScreen.storyboard; sourceTree = "<group>"; };
		CD437FB61E386C06009AD737 /* Info.plist */ = {isa = PBXFileReference; lastKnownFileType = text.plist.xml; path = Info.plist; sourceTree = "<group>"; };
/* End PBXFileReference section */

/* Begin PBXFrameworksBuildPhase section */
		CD437F9C1E386C06009AD737 /* Frameworks */ = {
			isa = PBXFrameworksBuildPhase;
			buildActionMask = 2147483647;
			files = (
				8972C0F71E5E7947004D7C9C /* FBSDKShareKit.framework in Frameworks */,
				8972C0F41E5E7947004D7C9C /* Bolts.framework in Frameworks */,
				8972C0F51E5E7947004D7C9C /* FBSDKCoreKit.framework in Frameworks */,
				8972C0F61E5E7947004D7C9C /* FBSDKLoginKit.framework in Frameworks */,
			);
			runOnlyForDeploymentPostprocessing = 0;
		};
/* End PBXFrameworksBuildPhase section */

/* Begin PBXGroup section */
		89BD45751E5D22900096C6B5 /* logicaFL */ = {
			isa = PBXGroup;
			children = (
				89BD45761E5D23A90096C6B5 /* Usuario.h */,
				89BD45771E5D23A90096C6B5 /* Usuario.m */,
				89BD45791E5D25CF0096C6B5 /* Persona.h */,
				89BD457A1E5D25CF0096C6B5 /* Persona.m */,
				89BD457C1E5D25DB0096C6B5 /* Compania.h */,
				89BD457D1E5D25DB0096C6B5 /* Compania.m */,
			);
			name = logicaFL;
			sourceTree = "<group>";
		};
		CD437F961E386C06009AD737 = {
			isa = PBXGroup;
			children = (
				89BD45751E5D22900096C6B5 /* logicaFL */,
				CD437FBC1E387109009AD737 /* marcos */,
				CD437FA11E386C06009AD737 /* FL */,
				CD437FA01E386C06009AD737 /* Products */,
			);
			sourceTree = "<group>";
		};
		CD437FA01E386C06009AD737 /* Products */ = {
			isa = PBXGroup;
			children = (
				CD437F9F1E386C06009AD737 /* FL.app */,
			);
			name = Products;
			sourceTree = "<group>";
		};
		CD437FA11E386C06009AD737 /* FL */ = {
			isa = PBXGroup;
			children = (
				CD437FA51E386C06009AD737 /* AppDelegate.h */,
				CD437FA61E386C06009AD737 /* AppDelegate.m */,
				CD437FA81E386C06009AD737 /* ViewControllerInicio.h */,
				CD437FA91E386C06009AD737 /* ViewControllerInicio.m */,
				89BD45721E5D20B20096C6B5 /* ViewControllerInicioSesion.h */,
				89BD45731E5D20B20096C6B5 /* ViewControllerInicioSesion.m */,
				89BD456F1E5D20670096C6B5 /* ViewControllerMenuInicio.h */,
				89BD45701E5D20670096C6B5 /* ViewControllerMenuInicio.m */,
				CD437FAB1E386C06009AD737 /* Main.storyboard */,
				CD437FB11E386C06009AD737 /* Assets.xcassets */,
				CD437FB31E386C06009AD737 /* LaunchScreen.storyboard */,
				CD437FB61E386C06009AD737 /* Info.plist */,
				CD437FAE1E386C06009AD737 /* FL.xcdatamodeld */,
				CD437FA21E386C06009AD737 /* Supporting Files */,
			);
			path = FL;
			sourceTree = "<group>";
		};
		CD437FA21E386C06009AD737 /* Supporting Files */ = {
			isa = PBXGroup;
			children = (
				CD437FA31E386C06009AD737 /* main.m */,
			);
			name = "Supporting Files";
			sourceTree = "<group>";
		};
		CD437FBC1E387109009AD737 /* marcos */ = {
			isa = PBXGroup;
			children = (
				8972C0F01E5E7947004D7C9C /* Bolts.framework */,
				8972C0F11E5E7947004D7C9C /* FBSDKCoreKit.framework */,
				8972C0F21E5E7947004D7C9C /* FBSDKLoginKit.framework */,
				8972C0F31E5E7947004D7C9C /* FBSDKShareKit.framework */,
			);
			name = marcos;
			sourceTree = "<group>";
		};
/* End PBXGroup section */

/* Begin PBXNativeTarget section */
		CD437F9E1E386C06009AD737 /* FL */ = {
			isa = PBXNativeTarget;
			buildConfigurationList = CD437FB91E386C06009AD737 /* Build configuration list for PBXNativeTarget "FL" */;
			buildPhases = (
				CD437F9B1E386C06009AD737 /* Sources */,
				CD437F9C1E386C06009AD737 /* Frameworks */,
				CD437F9D1E386C06009AD737 /* Resources */,
			);
			buildRules = (
			);
			dependencies = (
			);
			name = FL;
			productName = FL;
			productReference = CD437F9F1E386C06009AD737 /* FL.app */;
			productType = "com.apple.product-type.application";
		};
/* End PBXNativeTarget section */

/* Begin PBXProject section */
		CD437F971E386C06009AD737 /* Project object */ = {
			isa = PBXProject;
			attributes = {
				LastUpgradeCheck = 0820;
				ORGANIZATIONNAME = "Alberto Garcia";
				TargetAttributes = {
					CD437F9E1E386C06009AD737 = {
						CreatedOnToolsVersion = 8.2.1;
						ProvisioningStyle = Automatic;
					};
				};
			};
			buildConfigurationList = CD437F9A1E386C06009AD737 /* Build configuration list for PBXProject "FL" */;
			compatibilityVersion = "Xcode 3.2";
			developmentRegion = English;
			hasScannedForEncodings = 0;
			knownRegions = (
				en,
				Base,
			);
			mainGroup = CD437F961E386C06009AD737;
			productRefGroup = CD437FA01E386C06009AD737 /* Products */;
			projectDirPath = "";
			projectRoot = "";
			targets = (
				CD437F9E1E386C06009AD737 /* FL */,
			);
		};
/* End PBXProject section */

/* Begin PBXResourcesBuildPhase section */
		CD437F9D1E386C06009AD737 /* Resources */ = {
			isa = PBXResourcesBuildPhase;
			buildActionMask = 2147483647;
			files = (
				CD437FB51E386C06009AD737 /* LaunchScreen.storyboard in Resources */,
				CD437FB21E386C06009AD737 /* Assets.xcassets in Resources */,
				CD437FAD1E386C06009AD737 /* Main.storyboard in Resources */,
			);
			runOnlyForDeploymentPostprocessing = 0;
		};
/* End PBXResourcesBuildPhase section */

/* Begin PBXSourcesBuildPhase section */
		CD437F9B1E386C06009AD737 /* Sources */ = {
			isa = PBXSourcesBuildPhase;
			buildActionMask = 2147483647;
			files = (
				89BD45741E5D20B20096C6B5 /* ViewControllerInicioSesion.m in Sources */,
				89BD45711E5D20670096C6B5 /* ViewControllerMenuInicio.m in Sources */,
				CD437FAA1E386C06009AD737 /* ViewControllerInicio.m in Sources */,
				CD437FB01E386C06009AD737 /* FL.xcdatamodeld in Sources */,
				89BD457E1E5D25DB0096C6B5 /* Compania.m in Sources */,
				89BD457B1E5D25CF0096C6B5 /* Persona.m in Sources */,
				CD437FA71E386C06009AD737 /* AppDelegate.m in Sources */,
				CD437FA41E386C06009AD737 /* main.m in Sources */,
				89BD45781E5D23A90096C6B5 /* Usuario.m in Sources */,
			);
			runOnlyForDeploymentPostprocessing = 0;
		};
/* End PBXSourcesBuildPhase section */

/* Begin PBXVariantGroup section */
		CD437FAB1E386C06009AD737 /* Main.storyboard */ = {
			isa = PBXVariantGroup;
			children = (
				CD437FAC1E386C06009AD737 /* Base */,
			);
			name = Main.storyboard;
			sourceTree = "<group>";
		};
		CD437FB31E386C06009AD737 /* LaunchScreen.storyboard */ = {
			isa = PBXVariantGroup;
			children = (
				CD437FB41E386C06009AD737 /* Base */,
			);
			name = LaunchScreen.storyboard;
			sourceTree = "<group>";
		};
/* End PBXVariantGroup section */

/* Begin XCBuildConfiguration section */
		CD437FB71E386C06009AD737 /* Debug */ = {
			isa = XCBuildConfiguration;
			buildSettings = {
				ALWAYS_SEARCH_USER_PATHS = NO;
				CLANG_ANALYZER_NONNULL = YES;
				CLANG_CXX_LANGUAGE_STANDARD = "gnu++0x";
				CLANG_CXX_LIBRARY = "libc++";
				CLANG_ENABLE_MODULES = YES;
				CLANG_ENABLE_OBJC_ARC = YES;
				CLANG_WARN_BOOL_CONVERSION = YES;
				CLANG_WARN_CONSTANT_CONVERSION = YES;
				CLANG_WARN_DIRECT_OBJC_ISA_USAGE = YES_ERROR;
				CLANG_WARN_DOCUMENTATION_COMMENTS = YES;
				CLANG_WARN_EMPTY_BODY = YES;
				CLANG_WARN_ENUM_CONVERSION = YES;
				CLANG_WARN_INFINITE_RECURSION = YES;
				CLANG_WARN_INT_CONVERSION = YES;
				CLANG_WARN_OBJC_ROOT_CLASS = YES_ERROR;
				CLANG_WARN_SUSPICIOUS_MOVE = YES;
				CLANG_WARN_UNREACHABLE_CODE = YES;
				CLANG_WARN__DUPLICATE_METHOD_MATCH = YES;
				"CODE_SIGN_IDENTITY[sdk=iphoneos*]" = "iPhone Developer";
				COPY_PHASE_STRIP = NO;
				DEBUG_INFORMATION_FORMAT = dwarf;
				ENABLE_STRICT_OBJC_MSGSEND = YES;
				ENABLE_TESTABILITY = YES;
				GCC_C_LANGUAGE_STANDARD = gnu99;
				GCC_DYNAMIC_NO_PIC = NO;
				GCC_NO_COMMON_BLOCKS = YES;
				GCC_OPTIMIZATION_LEVEL = 0;
				GCC_PREPROCESSOR_DEFINITIONS = (
					"DEBUG=1",
					"$(inherited)",
				);
				GCC_WARN_64_TO_32_BIT_CONVERSION = YES;
				GCC_WARN_ABOUT_RETURN_TYPE = YES_ERROR;
				GCC_WARN_UNDECLARED_SELECTOR = YES;
				GCC_WARN_UNINITIALIZED_AUTOS = YES_AGGRESSIVE;
				GCC_WARN_UNUSED_FUNCTION = YES;
				GCC_WARN_UNUSED_VARIABLE = YES;
				IPHONEOS_DEPLOYMENT_TARGET = 10.2;
				MTL_ENABLE_DEBUG_INFO = YES;
				ONLY_ACTIVE_ARCH = YES;
				SDKROOT = iphoneos;
			};
			name = Debug;
		};
		CD437FB81E386C06009AD737 /* Release */ = {
			isa = XCBuildConfiguration;
			buildSettings = {
				ALWAYS_SEARCH_USER_PATHS = NO;
				CLANG_ANALYZER_NONNULL = YES;
				CLANG_CXX_LANGUAGE_STANDARD = "gnu++0x";
				CLANG_CXX_LIBRARY = "libc++";
				CLANG_ENABLE_MODULES = YES;
				CLANG_ENABLE_OBJC_ARC = YES;
				CLANG_WARN_BOOL_CONVERSION = YES;
				CLANG_WARN_CONSTANT_CONVERSION = YES;
				CLANG_WARN_DIRECT_OBJC_ISA_USAGE = YES_ERROR;
				CLANG_WARN_DOCUMENTATION_COMMENTS = YES;
				CLANG_WARN_EMPTY_BODY = YES;
				CLANG_WARN_ENUM_CONVERSION = YES;
				CLANG_WARN_INFINITE_RECURSION = YES;
				CLANG_WARN_INT_CONVERSION = YES;
				CLANG_WARN_OBJC_ROOT_CLASS = YES_ERROR;
				CLANG_WARN_SUSPICIOUS_MOVE = YES;
				CLANG_WARN_UNREACHABLE_CODE = YES;
				CLANG_WARN__DUPLICATE_METHOD_MATCH = YES;
				"CODE_SIGN_IDENTITY[sdk=iphoneos*]" = "iPhone Developer";
				COPY_PHASE_STRIP = NO;
				DEBUG_INFORMATION_FORMAT = "dwarf-with-dsym";
				ENABLE_NS_ASSERTIONS = NO;
				ENABLE_STRICT_OBJC_MSGSEND = YES;
				GCC_C_LANGUAGE_STANDARD = gnu99;
				GCC_NO_COMMON_BLOCKS = YES;
				GCC_WARN_64_TO_32_BIT_CONVERSION = YES;
				GCC_WARN_ABOUT_RETURN_TYPE = YES_ERROR;
				GCC_WARN_UNDECLARED_SELECTOR = YES;
				GCC_WARN_UNINITIALIZED_AUTOS = YES_AGGRESSIVE;
				GCC_WARN_UNUSED_FUNCTION = YES;
				GCC_WARN_UNUSED_VARIABLE = YES;
				IPHONEOS_DEPLOYMENT_TARGET = 10.2;
				MTL_ENABLE_DEBUG_INFO = NO;
				SDKROOT = iphoneos;
				VALIDATE_PRODUCT = YES;
			};
			name = Release;
		};
		CD437FBA1E386C06009AD737 /* Debug */ = {
			isa = XCBuildConfiguration;
			buildSettings = {
				ASSETCATALOG_COMPILER_APPICON_NAME = AppIcon;
				FRAMEWORK_SEARCH_PATHS = "/Users/aula-e3-c1/Documents/FacebookSDK";
				INFOPLIST_FILE = FL/Info.plist;
				LD_RUNPATH_SEARCH_PATHS = "$(inherited) @executable_path/Frameworks";
				PRODUCT_BUNDLE_IDENTIFIER = com.GM.FL;
				PRODUCT_NAME = "$(TARGET_NAME)";
			};
			name = Debug;
		};
		CD437FBB1E386C06009AD737 /* Release */ = {
			isa = XCBuildConfiguration;
			buildSettings = {
				ASSETCATALOG_COMPILER_APPICON_NAME = AppIcon;
				FRAMEWORK_SEARCH_PATHS = "/Users/aula-e3-c1/Documents/FacebookSDK";
				INFOPLIST_FILE = FL/Info.plist;
				LD_RUNPATH_SEARCH_PATHS = "$(inherited) @executable_path/Frameworks";
				PRODUCT_BUNDLE_IDENTIFIER = com.GM.FL;
				PRODUCT_NAME = "$(TARGET_NAME)";
			};
			name = Release;
		};
/* End XCBuildConfiguration section */

/* Begin XCConfigurationList section */
		CD437F9A1E386C06009AD737 /* Build configuration list for PBXProject "FL" */ = {
			isa = XCConfigurationList;
			buildConfigurations = (
				CD437FB71E386C06009AD737 /* Debug */,
				CD437FB81E386C06009AD737 /* Release */,
			);
			defaultConfigurationIsVisible = 0;
			defaultConfigurationName = Release;
		};
		CD437FB91E386C06009AD737 /* Build configuration list for PBXNativeTarget "FL" */ = {
			isa = XCConfigurationList;
			buildConfigurations = (
				CD437FBA1E386C06009AD737 /* Debug */,
				CD437FBB1E386C06009AD737 /* Release */,
			);
			defaultConfigurationIsVisible = 0;
			defaultConfigurationName = Release;
		};
/* End XCConfigurationList section */

/* Begin XCVersionGroup section */
		CD437FAE1E386C06009AD737 /* FL.xcdatamodeld */ = {
			isa = XCVersionGroup;
			children = (
				CD437FAF1E386C06009AD737 /* FL.xcdatamodel */,
			);
			currentVersion = CD437FAF1E386C06009AD737 /* FL.xcdatamodel */;
			path = FL.xcdatamodeld;
			sourceTree = "<group>";
			versionGroupType = wrapper.xcdatamodel;
		};
/* End XCVersionGroup section */
	};
	rootObject = CD437F971E386C06009AD737 /* Project object */;
}
